<?xml version="1.0" encoding="utf-8"?>
<Project ToolsVersion="17.0" xmlns="http://schemas.microsoft.com/developer/msbuild/2003">
  <ItemGroup>
    <CustomBuild Include="C:\Users\Asus\Documents\Scripter\build\CMakeFiles\9c2111f0a6f00c2a5e6862763e48c00f\INSTALL_force.rule">
      <Filter>CMake Rules</Filter>
    </CustomBuild>
  </ItemGroup>
  <ItemGroup>
    <Filter Include="CMake Rules">
      <UniqueIdentifier>{B6F8EDE7-B4F3-3774-A35D-1EABACF0AA8E}</UniqueIdentifier>
    </Filter>
  </ItemGroup>
</Project>
